
Microsoft Visual Studio Solution File, Format Version 12.00
# Visual Studio Version 17
VisualStudioVersion = 17.14.36127.28 d17.14
MinimumVisualStudioVersion = 10.0.40219.1
Project("{FAE04EC0-301F-11D3-BF4B-00C04F79EFBC}") = "cursorFlashLight", "cursorFlashLight\cursorFlashLight.csproj", "{019964E6-8F04-4DDF-8D19-A2ED43BBC50D}"
EndProject
Global
	GlobalSection(SolutionConfigurationPlatforms) = preSolution
		Debug|Any CPU = Debug|Any CPU
		Release|Any CPU = Release|Any CPU
	EndGlobalSection
	GlobalSection(ProjectConfigurationPlatforms) = postSolution
		{019964E6-8F04-4DDF-8D19-A2ED43BBC50D}.Debug|Any CPU.ActiveCfg = Debug|Any CPU
		{019964E6-8F04-4DDF-8D19-A2ED43BBC50D}.Debug|Any CPU.Build.0 = Debug|Any CPU
		{019964E6-8F04-4DDF-8D19-A2ED43BBC50D}.Release|Any CPU.ActiveCfg = Release|Any CPU
		{019964E6-8F04-4DDF-8D19-A2ED43BBC50D}.Release|Any CPU.Build.0 = Release|Any CPU
	EndGlobalSection
	GlobalSection(SolutionProperties) = preSolution
		HideSolutionNode = FALSE
	EndGlobalSection
	GlobalSection(ExtensibilityGlobals) = postSolution
		SolutionGuid = {7FE81105-2089-47D1-832A-2A381E0DA034}
	EndGlobalSection
EndGlobal
